
Microsoft Visual Studio Solution File, Format Version 12.00
# Visual Studio Version 17
VisualStudioVersion = 17.9.34622.214
MinimumVisualStudioVersion = 10.0.40219.1
Project("{FAE04EC0-301F-11D3-BF4B-00C04F79EFBC}") = "TS_Tool", "TS_Tool.csproj", "{C49725C8-736D-41C0-B8F4-C80C7EDC20F5}"
EndProject
Global
	GlobalSection(SolutionConfigurationPlatforms) = preSolution
		Debug|Any CPU = Debug|Any CPU
		Release|Any CPU = Release|Any CPU
	EndGlobalSection
	GlobalSection(ProjectConfigurationPlatforms) = postSolution
		{C49725C8-736D-41C0-B8F4-C80C7EDC20F5}.Debug|Any CPU.ActiveCfg = Debug|Any CPU
		{C49725C8-736D-41C0-B8F4-C80C7EDC20F5}.Debug|Any CPU.Build.0 = Debug|Any CPU
		{C49725C8-736D-41C0-B8F4-C80C7EDC20F5}.Release|Any CPU.ActiveCfg = Release|Any CPU
		{C49725C8-736D-41C0-B8F4-C80C7EDC20F5}.Release|Any CPU.Build.0 = Release|Any CPU
	EndGlobalSection
	GlobalSection(SolutionProperties) = preSolution
		HideSolutionNode = FALSE
	EndGlobalSection
	GlobalSection(ExtensibilityGlobals) = postSolution
		SolutionGuid = {D301EF4F-384C-4C69-9362-2069395C02B6}
	EndGlobalSection
EndGlobal
